
Microsoft Visual Studio Solution File, Format Version 12.00
# Visual Studio 15
VisualStudioVersion = 15.0.27428.2037
MinimumVisualStudioVersion = 10.0.40219.1
Project("{9A19103F-16F7-4668-BE54-9A1E7A4F7556}") = "MyNetCore", "MyNetCore\MyNetCore.csproj", "{A35D7875-A9C9-40B9-BCEF-2B384C5266F3}"
EndProject
Project("{FAE04EC0-301F-11D3-BF4B-00C04F79EFBC}") = "Model", "Model\Model.csproj", "{03302D5C-0E06-4437-84A0-231D2FE4A6A5}"
EndProject
Global
	GlobalSection(SolutionConfigurationPlatforms) = preSolution
		Debug|Any CPU = Debug|Any CPU
		Release|Any CPU = Release|Any CPU
	EndGlobalSection
	GlobalSection(ProjectConfigurationPlatforms) = postSolution
		{A35D7875-A9C9-40B9-BCEF-2B384C5266F3}.Debug|Any CPU.ActiveCfg = Debug|Any CPU
		{A35D7875-A9C9-40B9-BCEF-2B384C5266F3}.Debug|Any CPU.Build.0 = Debug|Any CPU
		{A35D7875-A9C9-40B9-BCEF-2B384C5266F3}.Release|Any CPU.ActiveCfg = Release|Any CPU
		{A35D7875-A9C9-40B9-BCEF-2B384C5266F3}.Release|Any CPU.Build.0 = Release|Any CPU
		{03302D5C-0E06-4437-84A0-231D2FE4A6A5}.Debug|Any CPU.ActiveCfg = Debug|Any CPU
		{03302D5C-0E06-4437-84A0-231D2FE4A6A5}.Debug|Any CPU.Build.0 = Debug|Any CPU
		{03302D5C-0E06-4437-84A0-231D2FE4A6A5}.Release|Any CPU.ActiveCfg = Release|Any CPU
		{03302D5C-0E06-4437-84A0-231D2FE4A6A5}.Release|Any CPU.Build.0 = Release|Any CPU
	EndGlobalSection
	GlobalSection(SolutionProperties) = preSolution
		HideSolutionNode = FALSE
	EndGlobalSection
	GlobalSection(ExtensibilityGlobals) = postSolution
		SolutionGuid = {E9CB4F92-876D-4AB3-95B4-10E69AC696E2}
	EndGlobalSection
EndGlobal
